uuid: dea574ed-9614-4d51-83b9-a3382297603c
langcode: en
status: true
dependencies:
  module:
    - afrikaburn_registration
    - user
  theme:
    - afrikaburn
id: ticketblock
theme: afrikaburn
region: sidebar
weight: -16
provider: null
plugin: ticket_block
settings:
  id: ticket_block
  label: 'Ticket Block'
  provider: afrikaburn_registration
  label_display: '0'
visibility:
  user_role:
    id: user_role
    roles:
      authenticated: authenticated
    negate: false
    context_mapping:
      user: '@user.current_user_context:current_user'
