uuid: 39f9232c-0346-47d9-9b6f-33d7a2f7083e
langcode: en
status: true
dependencies:
  module:
    - afrikaburn_registration
    - user
  theme:
    - afrikaburn
id: bioblock
theme: afrikaburn
region: sidebar
weight: -15
provider: null
plugin: bio_block
settings:
  id: bio_block
  label: 'Bio Block'
  provider: afrikaburn_registration
  label_display: '0'
visibility:
  user_role:
    id: user_role
    roles:
      authenticated: authenticated
    negate: false
    context_mapping:
      user: '@user.current_user_context:current_user'
