uuid: 437dc978-2fb8-4f85-bd43-a2bb132f11cc
langcode: en
status: true
dependencies:
  module:
    - afrikaburn_bio
    - collapsiblock
    - php
    - system
    - user
  theme:
    - afrikaburn
third_party_settings:
  collapsiblock:
    collapse_action: '1'
id: ticketblock
theme: afrikaburn
region: biobar
weight: -15
provider: null
plugin: ticket_block
settings:
  id: ticket_block
  label: Tickets
  provider: afrikaburn_bio
  label_display: '0'
visibility:
  php:
    id: php
    negate: false
    php: "<?php\r\nmodule_load_include('inc', 'afrikaburn_registration', 'includes/collective.projects');\r\nreturn  !ab_is_project_page();\r\n?>"
    context_mapping: {  }
  user_role:
    id: user_role
    roles:
      authenticated: authenticated
    negate: false
    context_mapping:
      user: '@user.current_user_context:current_user'
  request_path:
    id: request_path
    pages: "/node/add*\r\n/node/*/edit*\r\n*/form_*\r\n*/grant\r\n*/support_camp*\r\n*/supplier\r\n*/wap"
    negate: true
    context_mapping: {  }
